
Microsoft Visual Studio Solution File, Format Version 12.00
# Visual Studio Version 16
VisualStudioVersion = 16.0.30804.86
MinimumVisualStudioVersion = 10.0.40219.1
Project("{2150E333-8FDC-42A3-9474-1A3956D46DE8}") = "src", "src", "{B8A199F2-0A20-4174-8E8D-5DBA80FA20E5}"
EndProject
Project("{9A19103F-16F7-4668-BE54-9A1E7A4F7556}") = "FluentSpotifyApi.Core", "src\FluentSpotifyApi.Core\FluentSpotifyApi.Core.csproj", "{1C218A44-D4A4-40C4-A52C-75FCD1D644EF}"
EndProject
Project("{9A19103F-16F7-4668-BE54-9A1E7A4F7556}") = "FluentSpotifyApi", "src\FluentSpotifyApi\FluentSpotifyApi.csproj", "{9A8910E4-1012-426C-A80C-A7088E37F021}"
EndProject
Project("{2150E333-8FDC-42A3-9474-1A3956D46DE8}") = "tests", "tests", "{17AF9809-87F0-4875-8F47-C44E793C1F21}"
EndProject
Project("{9A19103F-16F7-4668-BE54-9A1E7A4F7556}") = "FluentSpotifyApi.UnitTests", "tests\FluentSpotifyApi.UnitTests\FluentSpotifyApi.UnitTests.csproj", "{C26939BC-4BD4-4E85-95F8-A7EEF148A524}"
EndProject
Project("{9A19103F-16F7-4668-BE54-9A1E7A4F7556}") = "FluentSpotifyApi.IntegrationTests.CCF", "tests\FluentSpotifyApi.IntegrationTests.CCF\FluentSpotifyApi.IntegrationTests.CCF.csproj", "{35F89D89-A2A0-4B6F-98D0-200F83CAC14D}"
EndProject
Project("{2150E333-8FDC-42A3-9474-1A3956D46DE8}") = "samples", "samples", "{D8B8743F-2E70-4C24-B386-9D893D66BA08}"
EndProject
Project("{9A19103F-16F7-4668-BE54-9A1E7A4F7556}") = "FluentSpotifyApi.Core.UnitTests", "tests\FluentSpotifyApi.Core.UnitTests\FluentSpotifyApi.Core.UnitTests.csproj", "{02E3839B-7B75-4AD9-A45B-2F7892DC3913}"
EndProject
Project("{2150E333-8FDC-42A3-9474-1A3956D46DE8}") = "UnitTests", "UnitTests", "{68A5890F-3363-4AE7-818A-03FDFBF41CE4}"
EndProject
Project("{2150E333-8FDC-42A3-9474-1A3956D46DE8}") = "IntegrationTests", "IntegrationTests", "{A4D00C74-F4B5-487F-8094-D38434D8CE6D}"
EndProject
Project("{9A19103F-16F7-4668-BE54-9A1E7A4F7556}") = "FluentSpotifyApi.AuthorizationFlows", "src\FluentSpotifyApi.AuthorizationFlows\FluentSpotifyApi.AuthorizationFlows.csproj", "{3F182A17-EA7A-4B38-BEAB-E13D3D28FD3A}"
EndProject
Project("{9A19103F-16F7-4668-BE54-9A1E7A4F7556}") = "FluentSpotifyApi.AuthorizationFlows.AspNetCore", "src\FluentSpotifyApi.AuthorizationFlows.AspNetCore\FluentSpotifyApi.AuthorizationFlows.AspNetCore.csproj", "{44A3E7E4-4BD5-4750-912D-FD0AC6A3CFD9}"
EndProject
Project("{FAE04EC0-301F-11D3-BF4B-00C04F79EFBC}") = "FluentSpotifyApi.AuthorizationFlows.UWP", "src\FluentSpotifyApi.AuthorizationFlows.UWP\FluentSpotifyApi.AuthorizationFlows.UWP.csproj", "{33CB1F54-64B0-4773-B18F-D0CE721B8410}"
EndProject
Project("{9A19103F-16F7-4668-BE54-9A1E7A4F7556}") = "FluentSpotifyApi.AuthorizationFlows.UnitTests", "tests\FluentSpotifyApi.AuthorizationFlows.UnitTests\FluentSpotifyApi.AuthorizationFlows.UnitTests.csproj", "{822F50CB-FD7C-4A9E-AFAA-22D199297103}"
EndProject
Project("{FAE04EC0-301F-11D3-BF4B-00C04F79EFBC}") = "FluentSpotifyApi.Sample.ACF.UWP", "samples\FluentSpotifyApi.Sample.ACF.UWP\FluentSpotifyApi.Sample.ACF.UWP.csproj", "{AEEDA750-876B-4CF3-964C-62CCD66A5291}"
EndProject
Project("{9A19103F-16F7-4668-BE54-9A1E7A4F7556}") = "FluentSpotifyApi.AuthorizationFlows.AspNetCore.UnitTests", "tests\FluentSpotifyApi.AuthorizationFlows.AspNetCore.UnitTests\FluentSpotifyApi.AuthorizationFlows.AspNetCore.UnitTests.csproj", "{809A58B1-E477-4E90-B59D-16B34FEB3D44}"
EndProject
Project("{2150E333-8FDC-42A3-9474-1A3956D46DE8}") = "stylecop", "stylecop", "{2DE17C1C-40BB-424A-9292-265F0907EB77}"
	ProjectSection(SolutionItems) = preProject
		CodeAnalysis.ruleset = CodeAnalysis.ruleset
		StyleCop.json = StyleCop.json
	EndProjectSection
EndProject
Project("{9A19103F-16F7-4668-BE54-9A1E7A4F7556}") = "FluentSpotifyApi.Sample.ACF.AspNetCore", "samples\FluentSpotifyApi.Sample.ACF.AspNetCore\FluentSpotifyApi.Sample.ACF.AspNetCore.csproj", "{32FC6871-30AD-44C1-B1C7-934C274ADD8E}"
EndProject
Project("{9A19103F-16F7-4668-BE54-9A1E7A4F7556}") = "FluentSpotifyApi.Sample.CCF.AspNetCore", "samples\FluentSpotifyApi.Sample.CCF.AspNetCore\FluentSpotifyApi.Sample.CCF.AspNetCore.csproj", "{F18857A0-9569-44F3-9A3F-CFF01BFD4E4C}"
EndProject
Project("{2150E333-8FDC-42A3-9474-1A3956D46DE8}") = "docfx", "docfx", "{99AA7459-A065-40AB-A6C8-72AD96993F09}"
	ProjectSection(SolutionItems) = preProject
		docfx.json = docfx.json
	EndProjectSection
EndProject
Project("{9A19103F-16F7-4668-BE54-9A1E7A4F7556}") = "FluentSpotifyApi.AuthorizationFlows.Native", "src\FluentSpotifyApi.AuthorizationFlows.Native\FluentSpotifyApi.AuthorizationFlows.Native.csproj", "{89AAC46A-AE54-403D-9D45-56010DECABEB}"
EndProject
Project("{9A19103F-16F7-4668-BE54-9A1E7A4F7556}") = "FluentSpotifyApi.AuthorizationFlows.Native.UnitTests", "tests\FluentSpotifyApi.AuthorizationFlows.Native.UnitTests\FluentSpotifyApi.AuthorizationFlows.Native.UnitTests.csproj", "{2C5F7AB1-0569-4154-ABDC-D0184429D839}"
EndProject
Project("{2150E333-8FDC-42A3-9474-1A3956D46DE8}") = "scripts", "scripts", "{466C529D-DF1E-472B-BB95-79532070CA39}"
	ProjectSection(SolutionItems) = preProject
		scripts\ParseBuildVersion.ps1 = scripts\ParseBuildVersion.ps1
		scripts\SetVersions.ps1 = scripts\SetVersions.ps1
		scripts\SetVersionsLegacy.ps1 = scripts\SetVersionsLegacy.ps1
	EndProjectSection
EndProject
Global
	GlobalSection(SolutionConfigurationPlatforms) = preSolution
		Debug|Any CPU = Debug|Any CPU
		Debug|ARM = Debug|ARM
		Debug|ARM64 = Debug|ARM64
		Debug|x64 = Debug|x64
		Debug|x86 = Debug|x86
		Release|Any CPU = Release|Any CPU
		Release|ARM = Release|ARM
		Release|ARM64 = Release|ARM64
		Release|x64 = Release|x64
		Release|x86 = Release|x86
	EndGlobalSection
	GlobalSection(ProjectConfigurationPlatforms) = postSolution
		{1C218A44-D4A4-40C4-A52C-75FCD1D644EF}.Debug|Any CPU.ActiveCfg = Debug|Any CPU
		{1C218A44-D4A4-40C4-A52C-75FCD1D644EF}.Debug|Any CPU.Build.0 = Debug|Any CPU
		{1C218A44-D4A4-40C4-A52C-75FCD1D644EF}.Debug|ARM.ActiveCfg = Debug|Any CPU
		{1C218A44-D4A4-40C4-A52C-75FCD1D644EF}.Debug|ARM.Build.0 = Debug|Any CPU
		{1C218A44-D4A4-40C4-A52C-75FCD1D644EF}.Debug|ARM64.ActiveCfg = Debug|Any CPU
		{1C218A44-D4A4-40C4-A52C-75FCD1D644EF}.Debug|ARM64.Build.0 = Debug|Any CPU
		{1C218A44-D4A4-40C4-A52C-75FCD1D644EF}.Debug|x64.ActiveCfg = Debug|Any CPU
		{1C218A44-D4A4-40C4-A52C-75FCD1D644EF}.Debug|x64.Build.0 = Debug|Any CPU
		{1C218A44-D4A4-40C4-A52C-75FCD1D644EF}.Debug|x86.ActiveCfg = Debug|Any CPU
		{1C218A44-D4A4-40C4-A52C-75FCD1D644EF}.Debug|x86.Build.0 = Debug|Any CPU
		{1C218A44-D4A4-40C4-A52C-75FCD1D644EF}.Release|Any CPU.ActiveCfg = Release|Any CPU
		{1C218A44-D4A4-40C4-A52C-75FCD1D644EF}.Release|Any CPU.Build.0 = Release|Any CPU
		{1C218A44-D4A4-40C4-A52C-75FCD1D644EF}.Release|ARM.ActiveCfg = Release|Any CPU
		{1C218A44-D4A4-40C4-A52C-75FCD1D644EF}.Release|ARM.Build.0 = Release|Any CPU
		{1C218A44-D4A4-40C4-A52C-75FCD1D644EF}.Release|ARM64.ActiveCfg = Release|Any CPU
		{1C218A44-D4A4-40C4-A52C-75FCD1D644EF}.Release|ARM64.Build.0 = Release|Any CPU
		{1C218A44-D4A4-40C4-A52C-75FCD1D644EF}.Release|x64.ActiveCfg = Release|Any CPU
		{1C218A44-D4A4-40C4-A52C-75FCD1D644EF}.Release|x64.Build.0 = Release|Any CPU
		{1C218A44-D4A4-40C4-A52C-75FCD1D644EF}.Release|x86.ActiveCfg = Release|Any CPU
		{1C218A44-D4A4-40C4-A52C-75FCD1D644EF}.Release|x86.Build.0 = Release|Any CPU
		{9A8910E4-1012-426C-A80C-A7088E37F021}.Debug|Any CPU.ActiveCfg = Debug|Any CPU
		{9A8910E4-1012-426C-A80C-A7088E37F021}.Debug|Any CPU.Build.0 = Debug|Any CPU
		{9A8910E4-1012-426C-A80C-A7088E37F021}.Debug|ARM.ActiveCfg = Debug|Any CPU
		{9A8910E4-1012-426C-A80C-A7088E37F021}.Debug|ARM.Build.0 = Debug|Any CPU
		{9A8910E4-1012-426C-A80C-A7088E37F021}.Debug|ARM64.ActiveCfg = Debug|Any CPU
		{9A8910E4-1012-426C-A80C-A7088E37F021}.Debug|ARM64.Build.0 = Debug|Any CPU
		{9A8910E4-1012-426C-A80C-A7088E37F021}.Debug|x64.ActiveCfg = Debug|Any CPU
		{9A8910E4-1012-426C-A80C-A7088E37F021}.Debug|x64.Build.0 = Debug|Any CPU
		{9A8910E4-1012-426C-A80C-A7088E37F021}.Debug|x86.ActiveCfg = Debug|Any CPU
		{9A8910E4-1012-426C-A80C-A7088E37F021}.Debug|x86.Build.0 = Debug|Any CPU
		{9A8910E4-1012-426C-A80C-A7088E37F021}.Release|Any CPU.ActiveCfg = Release|Any CPU
		{9A8910E4-1012-426C-A80C-A7088E37F021}.Release|Any CPU.Build.0 = Release|Any CPU
		{9A8910E4-1012-426C-A80C-A7088E37F021}.Release|ARM.ActiveCfg = Release|Any CPU
		{9A8910E4-1012-426C-A80C-A7088E37F021}.Release|ARM.Build.0 = Release|Any CPU
		{9A8910E4-1012-426C-A80C-A7088E37F021}.Release|ARM64.ActiveCfg = Release|Any CPU
		{9A8910E4-1012-426C-A80C-A7088E37F021}.Release|ARM64.Build.0 = Release|Any CPU
		{9A8910E4-1012-426C-A80C-A7088E37F021}.Release|x64.ActiveCfg = Release|Any CPU
		{9A8910E4-1012-426C-A80C-A7088E37F021}.Release|x64.Build.0 = Release|Any CPU
		{9A8910E4-1012-426C-A80C-A7088E37F021}.Release|x86.ActiveCfg = Release|Any CPU
		{9A8910E4-1012-426C-A80C-A7088E37F021}.Release|x86.Build.0 = Release|Any CPU
		{C26939BC-4BD4-4E85-95F8-A7EEF148A524}.Debug|Any CPU.ActiveCfg = Debug|Any CPU
		{C26939BC-4BD4-4E85-95F8-A7EEF148A524}.Debug|Any CPU.Build.0 = Debug|Any CPU
		{C26939BC-4BD4-4E85-95F8-A7EEF148A524}.Debug|ARM.ActiveCfg = Debug|Any CPU
		{C26939BC-4BD4-4E85-95F8-A7EEF148A524}.Debug|ARM.Build.0 = Debug|Any CPU
		{C26939BC-4BD4-4E85-95F8-A7EEF148A524}.Debug|ARM64.ActiveCfg = Debug|Any CPU
		{C26939BC-4BD4-4E85-95F8-A7EEF148A524}.Debug|ARM64.Build.0 = Debug|Any CPU
		{C26939BC-4BD4-4E85-95F8-A7EEF148A524}.Debug|x64.ActiveCfg = Debug|Any CPU
		{C26939BC-4BD4-4E85-95F8-A7EEF148A524}.Debug|x64.Build.0 = Debug|Any CPU
		{C26939BC-4BD4-4E85-95F8-A7EEF148A524}.Debug|x86.ActiveCfg = Debug|Any CPU
		{C26939BC-4BD4-4E85-95F8-A7EEF148A524}.Debug|x86.Build.0 = Debug|Any CPU
		{C26939BC-4BD4-4E85-95F8-A7EEF148A524}.Release|Any CPU.ActiveCfg = Release|Any CPU
		{C26939BC-4BD4-4E85-95F8-A7EEF148A524}.Release|Any CPU.Build.0 = Release|Any CPU
		{C26939BC-4BD4-4E85-95F8-A7EEF148A524}.Release|ARM.ActiveCfg = Release|Any CPU
		{C26939BC-4BD4-4E85-95F8-A7EEF148A524}.Release|ARM.Build.0 = Release|Any CPU
		{C26939BC-4BD4-4E85-95F8-A7EEF148A524}.Release|ARM64.ActiveCfg = Release|Any CPU
		{C26939BC-4BD4-4E85-95F8-A7EEF148A524}.Release|ARM64.Build.0 = Release|Any CPU
		{C26939BC-4BD4-4E85-95F8-A7EEF148A524}.Release|x64.ActiveCfg = Release|Any CPU
		{C26939BC-4BD4-4E85-95F8-A7EEF148A524}.Release|x64.Build.0 = Release|Any CPU
		{C26939BC-4BD4-4E85-95F8-A7EEF148A524}.Release|x86.ActiveCfg = Release|Any CPU
		{C26939BC-4BD4-4E85-95F8-A7EEF148A524}.Release|x86.Build.0 = Release|Any CPU
		{35F89D89-A2A0-4B6F-98D0-200F83CAC14D}.Debug|Any CPU.ActiveCfg = Debug|Any CPU
		{35F89D89-A2A0-4B6F-98D0-200F83CAC14D}.Debug|Any CPU.Build.0 = Debug|Any CPU
		{35F89D89-A2A0-4B6F-98D0-200F83CAC14D}.Debug|ARM.ActiveCfg = Debug|Any CPU
		{35F89D89-A2A0-4B6F-98D0-200F83CAC14D}.Debug|ARM.Build.0 = Debug|Any CPU
		{35F89D89-A2A0-4B6F-98D0-200F83CAC14D}.Debug|ARM64.ActiveCfg = Debug|Any CPU
		{35F89D89-A2A0-4B6F-98D0-200F83CAC14D}.Debug|ARM64.Build.0 = Debug|Any CPU
		{35F89D89-A2A0-4B6F-98D0-200F83CAC14D}.Debug|x64.ActiveCfg = Debug|Any CPU
		{35F89D89-A2A0-4B6F-98D0-200F83CAC14D}.Debug|x64.Build.0 = Debug|Any CPU
		{35F89D89-A2A0-4B6F-98D0-200F83CAC14D}.Debug|x86.ActiveCfg = Debug|Any CPU
		{35F89D89-A2A0-4B6F-98D0-200F83CAC14D}.Debug|x86.Build.0 = Debug|Any CPU
		{35F89D89-A2A0-4B6F-98D0-200F83CAC14D}.Release|Any CPU.ActiveCfg = Release|Any CPU
		{35F89D89-A2A0-4B6F-98D0-200F83CAC14D}.Release|Any CPU.Build.0 = Release|Any CPU
		{35F89D89-A2A0-4B6F-98D0-200F83CAC14D}.Release|ARM.ActiveCfg = Release|Any CPU
		{35F89D89-A2A0-4B6F-98D0-200F83CAC14D}.Release|ARM.Build.0 = Release|Any CPU
		{35F89D89-A2A0-4B6F-98D0-200F83CAC14D}.Release|ARM64.ActiveCfg = Release|Any CPU
		{35F89D89-A2A0-4B6F-98D0-200F83CAC14D}.Release|ARM64.Build.0 = Release|Any CPU
		{35F89D89-A2A0-4B6F-98D0-200F83CAC14D}.Release|x64.ActiveCfg = Release|Any CPU
		{35F89D89-A2A0-4B6F-98D0-200F83CAC14D}.Release|x64.Build.0 = Release|Any CPU
		{35F89D89-A2A0-4B6F-98D0-200F83CAC14D}.Release|x86.ActiveCfg = Release|Any CPU
		{35F89D89-A2A0-4B6F-98D0-200F83CAC14D}.Release|x86.Build.0 = Release|Any CPU
		{02E3839B-7B75-4AD9-A45B-2F7892DC3913}.Debug|Any CPU.ActiveCfg = Debug|Any CPU
		{02E3839B-7B75-4AD9-A45B-2F7892DC3913}.Debug|Any CPU.Build.0 = Debug|Any CPU
		{02E3839B-7B75-4AD9-A45B-2F7892DC3913}.Debug|ARM.ActiveCfg = Debug|Any CPU
		{02E3839B-7B75-4AD9-A45B-2F7892DC3913}.Debug|ARM.Build.0 = Debug|Any CPU
		{02E3839B-7B75-4AD9-A45B-2F7892DC3913}.Debug|ARM64.ActiveCfg = Debug|Any CPU
		{02E3839B-7B75-4AD9-A45B-2F7892DC3913}.Debug|ARM64.Build.0 = Debug|Any CPU
		{02E3839B-7B75-4AD9-A45B-2F7892DC3913}.Debug|x64.ActiveCfg = Debug|Any CPU
		{02E3839B-7B75-4AD9-A45B-2F7892DC3913}.Debug|x64.Build.0 = Debug|Any CPU
		{02E3839B-7B75-4AD9-A45B-2F7892DC3913}.Debug|x86.ActiveCfg = Debug|Any CPU
		{02E3839B-7B75-4AD9-A45B-2F7892DC3913}.Debug|x86.Build.0 = Debug|Any CPU
		{02E3839B-7B75-4AD9-A45B-2F7892DC3913}.Release|Any CPU.ActiveCfg = Release|Any CPU
		{02E3839B-7B75-4AD9-A45B-2F7892DC3913}.Release|Any CPU.Build.0 = Release|Any CPU
		{02E3839B-7B75-4AD9-A45B-2F7892DC3913}.Release|ARM.ActiveCfg = Release|Any CPU
		{02E3839B-7B75-4AD9-A45B-2F7892DC3913}.Release|ARM.Build.0 = Release|Any CPU
		{02E3839B-7B75-4AD9-A45B-2F7892DC3913}.Release|ARM64.ActiveCfg = Release|Any CPU
		{02E3839B-7B75-4AD9-A45B-2F7892DC3913}.Release|ARM64.Build.0 = Release|Any CPU
		{02E3839B-7B75-4AD9-A45B-2F7892DC3913}.Release|x64.ActiveCfg = Release|Any CPU
		{02E3839B-7B75-4AD9-A45B-2F7892DC3913}.Release|x64.Build.0 = Release|Any CPU
		{02E3839B-7B75-4AD9-A45B-2F7892DC3913}.Release|x86.ActiveCfg = Release|Any CPU
		{02E3839B-7B75-4AD9-A45B-2F7892DC3913}.Release|x86.Build.0 = Release|Any CPU
		{3F182A17-EA7A-4B38-BEAB-E13D3D28FD3A}.Debug|Any CPU.ActiveCfg = Debug|Any CPU
		{3F182A17-EA7A-4B38-BEAB-E13D3D28FD3A}.Debug|Any CPU.Build.0 = Debug|Any CPU
		{3F182A17-EA7A-4B38-BEAB-E13D3D28FD3A}.Debug|ARM.ActiveCfg = Debug|Any CPU
		{3F182A17-EA7A-4B38-BEAB-E13D3D28FD3A}.Debug|ARM.Build.0 = Debug|Any CPU
		{3F182A17-EA7A-4B38-BEAB-E13D3D28FD3A}.Debug|ARM64.ActiveCfg = Debug|Any CPU
		{3F182A17-EA7A-4B38-BEAB-E13D3D28FD3A}.Debug|ARM64.Build.0 = Debug|Any CPU
		{3F182A17-EA7A-4B38-BEAB-E13D3D28FD3A}.Debug|x64.ActiveCfg = Debug|Any CPU
		{3F182A17-EA7A-4B38-BEAB-E13D3D28FD3A}.Debug|x64.Build.0 = Debug|Any CPU
		{3F182A17-EA7A-4B38-BEAB-E13D3D28FD3A}.Debug|x86.ActiveCfg = Debug|Any CPU
		{3F182A17-EA7A-4B38-BEAB-E13D3D28FD3A}.Debug|x86.Build.0 = Debug|Any CPU
		{3F182A17-EA7A-4B38-BEAB-E13D3D28FD3A}.Release|Any CPU.ActiveCfg = Release|Any CPU
		{3F182A17-EA7A-4B38-BEAB-E13D3D28FD3A}.Release|Any CPU.Build.0 = Release|Any CPU
		{3F182A17-EA7A-4B38-BEAB-E13D3D28FD3A}.Release|ARM.ActiveCfg = Release|Any CPU
		{3F182A17-EA7A-4B38-BEAB-E13D3D28FD3A}.Release|ARM.Build.0 = Release|Any CPU
		{3F182A17-EA7A-4B38-BEAB-E13D3D28FD3A}.Release|ARM64.ActiveCfg = Release|Any CPU
		{3F182A17-EA7A-4B38-BEAB-E13D3D28FD3A}.Release|ARM64.Build.0 = Release|Any CPU
		{3F182A17-EA7A-4B38-BEAB-E13D3D28FD3A}.Release|x64.ActiveCfg = Release|Any CPU
		{3F182A17-EA7A-4B38-BEAB-E13D3D28FD3A}.Release|x64.Build.0 = Release|Any CPU
		{3F182A17-EA7A-4B38-BEAB-E13D3D28FD3A}.Release|x86.ActiveCfg = Release|Any CPU
		{3F182A17-EA7A-4B38-BEAB-E13D3D28FD3A}.Release|x86.Build.0 = Release|Any CPU
		{44A3E7E4-4BD5-4750-912D-FD0AC6A3CFD9}.Debug|Any CPU.ActiveCfg = Debug|Any CPU
		{44A3E7E4-4BD5-4750-912D-FD0AC6A3CFD9}.Debug|Any CPU.Build.0 = Debug|Any CPU
		{44A3E7E4-4BD5-4750-912D-FD0AC6A3CFD9}.Debug|ARM.ActiveCfg = Debug|Any CPU
		{44A3E7E4-4BD5-4750-912D-FD0AC6A3CFD9}.Debug|ARM.Build.0 = Debug|Any CPU
		{44A3E7E4-4BD5-4750-912D-FD0AC6A3CFD9}.Debug|ARM64.ActiveCfg = Debug|Any CPU
		{44A3E7E4-4BD5-4750-912D-FD0AC6A3CFD9}.Debug|ARM64.Build.0 = Debug|Any CPU
		{44A3E7E4-4BD5-4750-912D-FD0AC6A3CFD9}.Debug|x64.ActiveCfg = Debug|Any CPU
		{44A3E7E4-4BD5-4750-912D-FD0AC6A3CFD9}.Debug|x64.Build.0 = Debug|Any CPU
		{44A3E7E4-4BD5-4750-912D-FD0AC6A3CFD9}.Debug|x86.ActiveCfg = Debug|Any CPU
		{44A3E7E4-4BD5-4750-912D-FD0AC6A3CFD9}.Debug|x86.Build.0 = Debug|Any CPU
		{44A3E7E4-4BD5-4750-912D-FD0AC6A3CFD9}.Release|Any CPU.ActiveCfg = Release|Any CPU
		{44A3E7E4-4BD5-4750-912D-FD0AC6A3CFD9}.Release|Any CPU.Build.0 = Release|Any CPU
		{44A3E7E4-4BD5-4750-912D-FD0AC6A3CFD9}.Release|ARM.ActiveCfg = Release|Any CPU
		{44A3E7E4-4BD5-4750-912D-FD0AC6A3CFD9}.Release|ARM.Build.0 = Release|Any CPU
		{44A3E7E4-4BD5-4750-912D-FD0AC6A3CFD9}.Release|ARM64.ActiveCfg = Release|Any CPU
		{44A3E7E4-4BD5-4750-912D-FD0AC6A3CFD9}.Release|ARM64.Build.0 = Release|Any CPU
		{44A3E7E4-4BD5-4750-912D-FD0AC6A3CFD9}.Release|x64.ActiveCfg = Release|Any CPU
		{44A3E7E4-4BD5-4750-912D-FD0AC6A3CFD9}.Release|x64.Build.0 = Release|Any CPU
		{44A3E7E4-4BD5-4750-912D-FD0AC6A3CFD9}.Release|x86.ActiveCfg = Release|Any CPU
		{44A3E7E4-4BD5-4750-912D-FD0AC6A3CFD9}.Release|x86.Build.0 = Release|Any CPU
		{33CB1F54-64B0-4773-B18F-D0CE721B8410}.Debug|Any CPU.ActiveCfg = Debug|Any CPU
		{33CB1F54-64B0-4773-B18F-D0CE721B8410}.Debug|Any CPU.Build.0 = Debug|Any CPU
		{33CB1F54-64B0-4773-B18F-D0CE721B8410}.Debug|ARM.ActiveCfg = Debug|ARM
		{33CB1F54-64B0-4773-B18F-D0CE721B8410}.Debug|ARM.Build.0 = Debug|ARM
		{33CB1F54-64B0-4773-B18F-D0CE721B8410}.Debug|ARM64.ActiveCfg = Debug|Any CPU
		{33CB1F54-64B0-4773-B18F-D0CE721B8410}.Debug|ARM64.Build.0 = Debug|Any CPU
		{33CB1F54-64B0-4773-B18F-D0CE721B8410}.Debug|x64.ActiveCfg = Debug|x64
		{33CB1F54-64B0-4773-B18F-D0CE721B8410}.Debug|x64.Build.0 = Debug|x64
		{33CB1F54-64B0-4773-B18F-D0CE721B8410}.Debug|x86.ActiveCfg = Debug|x86
		{33CB1F54-64B0-4773-B18F-D0CE721B8410}.Debug|x86.Build.0 = Debug|x86
		{33CB1F54-64B0-4773-B18F-D0CE721B8410}.Release|Any CPU.ActiveCfg = Release|Any CPU
		{33CB1F54-64B0-4773-B18F-D0CE721B8410}.Release|Any CPU.Build.0 = Release|Any CPU
		{33CB1F54-64B0-4773-B18F-D0CE721B8410}.Release|ARM.ActiveCfg = Release|ARM
		{33CB1F54-64B0-4773-B18F-D0CE721B8410}.Release|ARM.Build.0 = Release|ARM
		{33CB1F54-64B0-4773-B18F-D0CE721B8410}.Release|ARM64.ActiveCfg = Release|Any CPU
		{33CB1F54-64B0-4773-B18F-D0CE721B8410}.Release|ARM64.Build.0 = Release|Any CPU
		{33CB1F54-64B0-4773-B18F-D0CE721B8410}.Release|x64.ActiveCfg = Release|x64
		{33CB1F54-64B0-4773-B18F-D0CE721B8410}.Release|x64.Build.0 = Release|x64
		{33CB1F54-64B0-4773-B18F-D0CE721B8410}.Release|x86.ActiveCfg = Release|x86
		{33CB1F54-64B0-4773-B18F-D0CE721B8410}.Release|x86.Build.0 = Release|x86
		{822F50CB-FD7C-4A9E-AFAA-22D199297103}.Debug|Any CPU.ActiveCfg = Debug|Any CPU
		{822F50CB-FD7C-4A9E-AFAA-22D199297103}.Debug|Any CPU.Build.0 = Debug|Any CPU
		{822F50CB-FD7C-4A9E-AFAA-22D199297103}.Debug|ARM.ActiveCfg = Debug|Any CPU
		{822F50CB-FD7C-4A9E-AFAA-22D199297103}.Debug|ARM.Build.0 = Debug|Any CPU
		{822F50CB-FD7C-4A9E-AFAA-22D199297103}.Debug|ARM64.ActiveCfg = Debug|Any CPU
		{822F50CB-FD7C-4A9E-AFAA-22D199297103}.Debug|x64.ActiveCfg = Debug|Any CPU
		{822F50CB-FD7C-4A9E-AFAA-22D199297103}.Debug|x64.Build.0 = Debug|Any CPU
		{822F50CB-FD7C-4A9E-AFAA-22D199297103}.Debug|x86.ActiveCfg = Debug|Any CPU
		{822F50CB-FD7C-4A9E-AFAA-22D199297103}.Debug|x86.Build.0 = Debug|Any CPU
		{822F50CB-FD7C-4A9E-AFAA-22D199297103}.Release|Any CPU.ActiveCfg = Release|Any CPU
		{822F50CB-FD7C-4A9E-AFAA-22D199297103}.Release|Any CPU.Build.0 = Release|Any CPU
		{822F50CB-FD7C-4A9E-AFAA-22D199297103}.Release|ARM.ActiveCfg = Release|Any CPU
		{822F50CB-FD7C-4A9E-AFAA-22D199297103}.Release|ARM.Build.0 = Release|Any CPU
		{822F50CB-FD7C-4A9E-AFAA-22D199297103}.Release|ARM64.ActiveCfg = Release|Any CPU
		{822F50CB-FD7C-4A9E-AFAA-22D199297103}.Release|x64.ActiveCfg = Release|Any CPU
		{822F50CB-FD7C-4A9E-AFAA-22D199297103}.Release|x64.Build.0 = Release|Any CPU
		{822F50CB-FD7C-4A9E-AFAA-22D199297103}.Release|x86.ActiveCfg = Release|Any CPU
		{822F50CB-FD7C-4A9E-AFAA-22D199297103}.Release|x86.Build.0 = Release|Any CPU
		{AEEDA750-876B-4CF3-964C-62CCD66A5291}.Debug|Any CPU.ActiveCfg = Debug|x86
		{AEEDA750-876B-4CF3-964C-62CCD66A5291}.Debug|Any CPU.Build.0 = Debug|x86
		{AEEDA750-876B-4CF3-964C-62CCD66A5291}.Debug|Any CPU.Deploy.0 = Debug|x86
		{AEEDA750-876B-4CF3-964C-62CCD66A5291}.Debug|ARM.ActiveCfg = Debug|ARM
		{AEEDA750-876B-4CF3-964C-62CCD66A5291}.Debug|ARM.Build.0 = Debug|ARM
		{AEEDA750-876B-4CF3-964C-62CCD66A5291}.Debug|ARM.Deploy.0 = Debug|ARM
		{AEEDA750-876B-4CF3-964C-62CCD66A5291}.Debug|ARM64.ActiveCfg = Debug|x86
		{AEEDA750-876B-4CF3-964C-62CCD66A5291}.Debug|x64.ActiveCfg = Debug|x64
		{AEEDA750-876B-4CF3-964C-62CCD66A5291}.Debug|x64.Build.0 = Debug|x64
		{AEEDA750-876B-4CF3-964C-62CCD66A5291}.Debug|x64.Deploy.0 = Debug|x64
		{AEEDA750-876B-4CF3-964C-62CCD66A5291}.Debug|x86.ActiveCfg = Debug|x86
		{AEEDA750-876B-4CF3-964C-62CCD66A5291}.Debug|x86.Build.0 = Debug|x86
		{AEEDA750-876B-4CF3-964C-62CCD66A5291}.Debug|x86.Deploy.0 = Debug|x86
		{AEEDA750-876B-4CF3-964C-62CCD66A5291}.Release|Any CPU.ActiveCfg = Release|x86
		{AEEDA750-876B-4CF3-964C-62CCD66A5291}.Release|ARM.ActiveCfg = Release|ARM
		{AEEDA750-876B-4CF3-964C-62CCD66A5291}.Release|ARM.Build.0 = Release|ARM
		{AEEDA750-876B-4CF3-964C-62CCD66A5291}.Release|ARM.Deploy.0 = Release|ARM
		{AEEDA750-876B-4CF3-964C-62CCD66A5291}.Release|ARM64.ActiveCfg = Release|x86
		{AEEDA750-876B-4CF3-964C-62CCD66A5291}.Release|x64.ActiveCfg = Release|x64
		{AEEDA750-876B-4CF3-964C-62CCD66A5291}.Release|x64.Build.0 = Release|x64
		{AEEDA750-876B-4CF3-964C-62CCD66A5291}.Release|x64.Deploy.0 = Release|x64
		{AEEDA750-876B-4CF3-964C-62CCD66A5291}.Release|x86.ActiveCfg = Release|x86
		{AEEDA750-876B-4CF3-964C-62CCD66A5291}.Release|x86.Build.0 = Release|x86
		{AEEDA750-876B-4CF3-964C-62CCD66A5291}.Release|x86.Deploy.0 = Release|x86
		{809A58B1-E477-4E90-B59D-16B34FEB3D44}.Debug|Any CPU.ActiveCfg = Debug|Any CPU
		{809A58B1-E477-4E90-B59D-16B34FEB3D44}.Debug|Any CPU.Build.0 = Debug|Any CPU
		{809A58B1-E477-4E90-B59D-16B34FEB3D44}.Debug|ARM.ActiveCfg = Debug|Any CPU
		{809A58B1-E477-4E90-B59D-16B34FEB3D44}.Debug|ARM.Build.0 = Debug|Any CPU
		{809A58B1-E477-4E90-B59D-16B34FEB3D44}.Debug|ARM64.ActiveCfg = Debug|Any CPU
		{809A58B1-E477-4E90-B59D-16B34FEB3D44}.Debug|x64.ActiveCfg = Debug|Any CPU
		{809A58B1-E477-4E90-B59D-16B34FEB3D44}.Debug|x64.Build.0 = Debug|Any CPU
		{809A58B1-E477-4E90-B59D-16B34FEB3D44}.Debug|x86.ActiveCfg = Debug|Any CPU
		{809A58B1-E477-4E90-B59D-16B34FEB3D44}.Debug|x86.Build.0 = Debug|Any CPU
		{809A58B1-E477-4E90-B59D-16B34FEB3D44}.Release|Any CPU.ActiveCfg = Release|Any CPU
		{809A58B1-E477-4E90-B59D-16B34FEB3D44}.Release|Any CPU.Build.0 = Release|Any CPU
		{809A58B1-E477-4E90-B59D-16B34FEB3D44}.Release|ARM.ActiveCfg = Release|Any CPU
		{809A58B1-E477-4E90-B59D-16B34FEB3D44}.Release|ARM.Build.0 = Release|Any CPU
		{809A58B1-E477-4E90-B59D-16B34FEB3D44}.Release|ARM64.ActiveCfg = Release|Any CPU
		{809A58B1-E477-4E90-B59D-16B34FEB3D44}.Release|x64.ActiveCfg = Release|Any CPU
		{809A58B1-E477-4E90-B59D-16B34FEB3D44}.Release|x64.Build.0 = Release|Any CPU
		{809A58B1-E477-4E90-B59D-16B34FEB3D44}.Release|x86.ActiveCfg = Release|Any CPU
		{809A58B1-E477-4E90-B59D-16B34FEB3D44}.Release|x86.Build.0 = Release|Any CPU
		{32FC6871-30AD-44C1-B1C7-934C274ADD8E}.Debug|Any CPU.ActiveCfg = Debug|Any CPU
		{32FC6871-30AD-44C1-B1C7-934C274ADD8E}.Debug|Any CPU.Build.0 = Debug|Any CPU
		{32FC6871-30AD-44C1-B1C7-934C274ADD8E}.Debug|ARM.ActiveCfg = Debug|Any CPU
		{32FC6871-30AD-44C1-B1C7-934C274ADD8E}.Debug|ARM.Build.0 = Debug|Any CPU
		{32FC6871-30AD-44C1-B1C7-934C274ADD8E}.Debug|ARM64.ActiveCfg = Debug|Any CPU
		{32FC6871-30AD-44C1-B1C7-934C274ADD8E}.Debug|ARM64.Build.0 = Debug|Any CPU
		{32FC6871-30AD-44C1-B1C7-934C274ADD8E}.Debug|x64.ActiveCfg = Debug|Any CPU
		{32FC6871-30AD-44C1-B1C7-934C274ADD8E}.Debug|x64.Build.0 = Debug|Any CPU
		{32FC6871-30AD-44C1-B1C7-934C274ADD8E}.Debug|x86.ActiveCfg = Debug|Any CPU
		{32FC6871-30AD-44C1-B1C7-934C274ADD8E}.Debug|x86.Build.0 = Debug|Any CPU
		{32FC6871-30AD-44C1-B1C7-934C274ADD8E}.Release|Any CPU.ActiveCfg = Release|Any CPU
		{32FC6871-30AD-44C1-B1C7-934C274ADD8E}.Release|Any CPU.Build.0 = Release|Any CPU
		{32FC6871-30AD-44C1-B1C7-934C274ADD8E}.Release|ARM.ActiveCfg = Release|Any CPU
		{32FC6871-30AD-44C1-B1C7-934C274ADD8E}.Release|ARM.Build.0 = Release|Any CPU
		{32FC6871-30AD-44C1-B1C7-934C274ADD8E}.Release|ARM64.ActiveCfg = Release|Any CPU
		{32FC6871-30AD-44C1-B1C7-934C274ADD8E}.Release|ARM64.Build.0 = Release|Any CPU
		{32FC6871-30AD-44C1-B1C7-934C274ADD8E}.Release|x64.ActiveCfg = Release|Any CPU
		{32FC6871-30AD-44C1-B1C7-934C274ADD8E}.Release|x64.Build.0 = Release|Any CPU
		{32FC6871-30AD-44C1-B1C7-934C274ADD8E}.Release|x86.ActiveCfg = Release|Any CPU
		{32FC6871-30AD-44C1-B1C7-934C274ADD8E}.Release|x86.Build.0 = Release|Any CPU
		{F18857A0-9569-44F3-9A3F-CFF01BFD4E4C}.Debug|Any CPU.ActiveCfg = Debug|Any CPU
		{F18857A0-9569-44F3-9A3F-CFF01BFD4E4C}.Debug|Any CPU.Build.0 = Debug|Any CPU
		{F18857A0-9569-44F3-9A3F-CFF01BFD4E4C}.Debug|ARM.ActiveCfg = Debug|Any CPU
		{F18857A0-9569-44F3-9A3F-CFF01BFD4E4C}.Debug|ARM.Build.0 = Debug|Any CPU
		{F18857A0-9569-44F3-9A3F-CFF01BFD4E4C}.Debug|ARM64.ActiveCfg = Debug|Any CPU
		{F18857A0-9569-44F3-9A3F-CFF01BFD4E4C}.Debug|ARM64.Build.0 = Debug|Any CPU
		{F18857A0-9569-44F3-9A3F-CFF01BFD4E4C}.Debug|x64.ActiveCfg = Debug|Any CPU
		{F18857A0-9569-44F3-9A3F-CFF01BFD4E4C}.Debug|x64.Build.0 = Debug|Any CPU
		{F18857A0-9569-44F3-9A3F-CFF01BFD4E4C}.Debug|x86.ActiveCfg = Debug|Any CPU
		{F18857A0-9569-44F3-9A3F-CFF01BFD4E4C}.Debug|x86.Build.0 = Debug|Any CPU
		{F18857A0-9569-44F3-9A3F-CFF01BFD4E4C}.Release|Any CPU.ActiveCfg = Release|Any CPU
		{F18857A0-9569-44F3-9A3F-CFF01BFD4E4C}.Release|Any CPU.Build.0 = Release|Any CPU
		{F18857A0-9569-44F3-9A3F-CFF01BFD4E4C}.Release|ARM.ActiveCfg = Release|Any CPU
		{F18857A0-9569-44F3-9A3F-CFF01BFD4E4C}.Release|ARM.Build.0 = Release|Any CPU
		{F18857A0-9569-44F3-9A3F-CFF01BFD4E4C}.Release|ARM64.ActiveCfg = Release|Any CPU
		{F18857A0-9569-44F3-9A3F-CFF01BFD4E4C}.Release|ARM64.Build.0 = Release|Any CPU
		{F18857A0-9569-44F3-9A3F-CFF01BFD4E4C}.Release|x64.ActiveCfg = Release|Any CPU
		{F18857A0-9569-44F3-9A3F-CFF01BFD4E4C}.Release|x64.Build.0 = Release|Any CPU
		{F18857A0-9569-44F3-9A3F-CFF01BFD4E4C}.Release|x86.ActiveCfg = Release|Any CPU
		{F18857A0-9569-44F3-9A3F-CFF01BFD4E4C}.Release|x86.Build.0 = Release|Any CPU
		{89AAC46A-AE54-403D-9D45-56010DECABEB}.Debug|Any CPU.ActiveCfg = Debug|Any CPU
		{89AAC46A-AE54-403D-9D45-56010DECABEB}.Debug|Any CPU.Build.0 = Debug|Any CPU
		{89AAC46A-AE54-403D-9D45-56010DECABEB}.Debug|ARM.ActiveCfg = Debug|Any CPU
		{89AAC46A-AE54-403D-9D45-56010DECABEB}.Debug|ARM.Build.0 = Debug|Any CPU
		{89AAC46A-AE54-403D-9D45-56010DECABEB}.Debug|ARM64.ActiveCfg = Debug|Any CPU
		{89AAC46A-AE54-403D-9D45-56010DECABEB}.Debug|ARM64.Build.0 = Debug|Any CPU
		{89AAC46A-AE54-403D-9D45-56010DECABEB}.Debug|x64.ActiveCfg = Debug|Any CPU
		{89AAC46A-AE54-403D-9D45-56010DECABEB}.Debug|x64.Build.0 = Debug|Any CPU
		{89AAC46A-AE54-403D-9D45-56010DECABEB}.Debug|x86.ActiveCfg = Debug|Any CPU
		{89AAC46A-AE54-403D-9D45-56010DECABEB}.Debug|x86.Build.0 = Debug|Any CPU
		{89AAC46A-AE54-403D-9D45-56010DECABEB}.Release|Any CPU.ActiveCfg = Release|Any CPU
		{89AAC46A-AE54-403D-9D45-56010DECABEB}.Release|Any CPU.Build.0 = Release|Any CPU
		{89AAC46A-AE54-403D-9D45-56010DECABEB}.Release|ARM.ActiveCfg = Release|Any CPU
		{89AAC46A-AE54-403D-9D45-56010DECABEB}.Release|ARM.Build.0 = Release|Any CPU
		{89AAC46A-AE54-403D-9D45-56010DECABEB}.Release|ARM64.ActiveCfg = Release|Any CPU
		{89AAC46A-AE54-403D-9D45-56010DECABEB}.Release|ARM64.Build.0 = Release|Any CPU
		{89AAC46A-AE54-403D-9D45-56010DECABEB}.Release|x64.ActiveCfg = Release|Any CPU
		{89AAC46A-AE54-403D-9D45-56010DECABEB}.Release|x64.Build.0 = Release|Any CPU
		{89AAC46A-AE54-403D-9D45-56010DECABEB}.Release|x86.ActiveCfg = Release|Any CPU
		{89AAC46A-AE54-403D-9D45-56010DECABEB}.Release|x86.Build.0 = Release|Any CPU
		{2C5F7AB1-0569-4154-ABDC-D0184429D839}.Debug|Any CPU.ActiveCfg = Debug|Any CPU
		{2C5F7AB1-0569-4154-ABDC-D0184429D839}.Debug|Any CPU.Build.0 = Debug|Any CPU
		{2C5F7AB1-0569-4154-ABDC-D0184429D839}.Debug|ARM.ActiveCfg = Debug|Any CPU
		{2C5F7AB1-0569-4154-ABDC-D0184429D839}.Debug|ARM.Build.0 = Debug|Any CPU
		{2C5F7AB1-0569-4154-ABDC-D0184429D839}.Debug|ARM64.ActiveCfg = Debug|Any CPU
		{2C5F7AB1-0569-4154-ABDC-D0184429D839}.Debug|ARM64.Build.0 = Debug|Any CPU
		{2C5F7AB1-0569-4154-ABDC-D0184429D839}.Debug|x64.ActiveCfg = Debug|Any CPU
		{2C5F7AB1-0569-4154-ABDC-D0184429D839}.Debug|x64.Build.0 = Debug|Any CPU
		{2C5F7AB1-0569-4154-ABDC-D0184429D839}.Debug|x86.ActiveCfg = Debug|Any CPU
		{2C5F7AB1-0569-4154-ABDC-D0184429D839}.Debug|x86.Build.0 = Debug|Any CPU
		{2C5F7AB1-0569-4154-ABDC-D0184429D839}.Release|Any CPU.ActiveCfg = Release|Any CPU
		{2C5F7AB1-0569-4154-ABDC-D0184429D839}.Release|Any CPU.Build.0 = Release|Any CPU
		{2C5F7AB1-0569-4154-ABDC-D0184429D839}.Release|ARM.ActiveCfg = Release|Any CPU
		{2C5F7AB1-0569-4154-ABDC-D0184429D839}.Release|ARM.Build.0 = Release|Any CPU
		{2C5F7AB1-0569-4154-ABDC-D0184429D839}.Release|ARM64.ActiveCfg = Release|Any CPU
		{2C5F7AB1-0569-4154-ABDC-D0184429D839}.Release|ARM64.Build.0 = Release|Any CPU
		{2C5F7AB1-0569-4154-ABDC-D0184429D839}.Release|x64.ActiveCfg = Release|Any CPU
		{2C5F7AB1-0569-4154-ABDC-D0184429D839}.Release|x64.Build.0 = Release|Any CPU
		{2C5F7AB1-0569-4154-ABDC-D0184429D839}.Release|x86.ActiveCfg = Release|Any CPU
		{2C5F7AB1-0569-4154-ABDC-D0184429D839}.Release|x86.Build.0 = Release|Any CPU
	EndGlobalSection
	GlobalSection(SolutionProperties) = preSolution
		HideSolutionNode = FALSE
	EndGlobalSection
	GlobalSection(NestedProjects) = preSolution
		{1C218A44-D4A4-40C4-A52C-75FCD1D644EF} = {B8A199F2-0A20-4174-8E8D-5DBA80FA20E5}
		{9A8910E4-1012-426C-A80C-A7088E37F021} = {B8A199F2-0A20-4174-8E8D-5DBA80FA20E5}
		{C26939BC-4BD4-4E85-95F8-A7EEF148A524} = {68A5890F-3363-4AE7-818A-03FDFBF41CE4}
		{35F89D89-A2A0-4B6F-98D0-200F83CAC14D} = {A4D00C74-F4B5-487F-8094-D38434D8CE6D}
		{02E3839B-7B75-4AD9-A45B-2F7892DC3913} = {68A5890F-3363-4AE7-818A-03FDFBF41CE4}
		{68A5890F-3363-4AE7-818A-03FDFBF41CE4} = {17AF9809-87F0-4875-8F47-C44E793C1F21}
		{A4D00C74-F4B5-487F-8094-D38434D8CE6D} = {17AF9809-87F0-4875-8F47-C44E793C1F21}
		{3F182A17-EA7A-4B38-BEAB-E13D3D28FD3A} = {B8A199F2-0A20-4174-8E8D-5DBA80FA20E5}
		{44A3E7E4-4BD5-4750-912D-FD0AC6A3CFD9} = {B8A199F2-0A20-4174-8E8D-5DBA80FA20E5}
		{33CB1F54-64B0-4773-B18F-D0CE721B8410} = {B8A199F2-0A20-4174-8E8D-5DBA80FA20E5}
		{822F50CB-FD7C-4A9E-AFAA-22D199297103} = {68A5890F-3363-4AE7-818A-03FDFBF41CE4}
		{AEEDA750-876B-4CF3-964C-62CCD66A5291} = {D8B8743F-2E70-4C24-B386-9D893D66BA08}
		{809A58B1-E477-4E90-B59D-16B34FEB3D44} = {68A5890F-3363-4AE7-818A-03FDFBF41CE4}
		{32FC6871-30AD-44C1-B1C7-934C274ADD8E} = {D8B8743F-2E70-4C24-B386-9D893D66BA08}
		{F18857A0-9569-44F3-9A3F-CFF01BFD4E4C} = {D8B8743F-2E70-4C24-B386-9D893D66BA08}
		{89AAC46A-AE54-403D-9D45-56010DECABEB} = {B8A199F2-0A20-4174-8E8D-5DBA80FA20E5}
		{2C5F7AB1-0569-4154-ABDC-D0184429D839} = {68A5890F-3363-4AE7-818A-03FDFBF41CE4}
	EndGlobalSection
	GlobalSection(ExtensibilityGlobals) = postSolution
		SolutionGuid = {61EBB4B0-853D-45DC-8803-47F67A4C2501}
	EndGlobalSection
EndGlobal
